github.com/Unknwon/cae v0.0.0-20160715032808-c6aac99ea2ca/go.mod h1:IRSre9/SEhVuy972TVuJLyaPTS73+8Owhe0Y0l9NXHc=
github.com/Unknwon/com v0.0.0-20170213072014-0db4a625e949 h1:/Ex2JgvIGodN4zioOyd3w4NyicUO36egyncpI05kmu8=
github.com/Unknwon/com v0.0.0-20170213072014-0db4a625e949/go.mod h1:KYCjqMOeHpNuTOiFQU6WEcTG7poCJrUs0YgyHNtn1no=
github.com/davecgh/go-spew v1.1.0/go.mod h1:J7Y8YcW2NihsgmVo/mv3lAwl/skON4iLHjSsI+c5H38=
github.com/gogits/git-module v0.0.0-20170404055912-2a496cad1f36 h1:sZNxvHsqrwZ5AZp+UhzkhHQ8LH8O0SBR2NavZN1O42A=
github.com/gogits/git-module v0.0.0-20170404055912-2a496cad1f36/go.mod h1:oTJZlouTqkUQTWbH0xMMlMuMSHBmj7FtcxvguKfYUkE=
github.com/hashicorp/go-version v0.0.0-20161031182605-e96d38404026 h1:qWx/DcC6l4ZzuS+JBAzI5XjtLFDCc08zYeZ0kLnaH2g=
github.com/hashicorp/go-version v0.0.0-20161031182605-e96d38404026/go.mod h1:fltr4n8CU8Ke44wwGCBoEymUuxUHl09ZGVZPK5anwXA=
github.com/jessevdk/go-flags v0.0.0-20161025193802-0648c820cd4e h1:l/+xY46pWbjciNv4PwYctnKUi7ks9Qx7c2SbDSwLwrc=
github.com/jessevdk/go-flags v0.0.0-20161025193802-0648c820cd4e/go.mod h1:4FA24M0QyGHXBuZZK/XkWh8h0e1EYbRYJSGM75WSRxI=
github.com/mcuadros/go-version v0.0.0-20161105183618-257f7b9a7d87 h1:SDD/Ssrg7y8McDKzCytoY2OsBD5U5ERzEiFsnryQMZc=
github.com/mcuadros/go-version v0.0.0-20161105183618-257f7b9a7d87/go.mod h1:76rfSfYPWj01Z85hUf/ituArm797mNKcvINh1OlsZKo=
